<?xml version="1.0" encoding="utf-8"?>
<Project ToolsVersion="4.0" xmlns="http://schemas.microsoft.com/developer/msbuild/2003">
  <ItemGroup>
    <Filter Include="源文件">
      <UniqueIdentifier>{4FC737F1-C7A5-4376-A066-2A32D752A2FF}</UniqueIdentifier>
      <Extensions>cpp;c;cc;cxx;c++;cppm;ixx;def;odl;idl;hpj;bat;asm;asmx</Extensions>
    </Filter>
    <Filter Include="头文件">
      <UniqueIdentifier>{93995380-89BD-4b04-88EB-625FBE52EBFB}</UniqueIdentifier>
      <Extensions>h;hh;hpp;hxx;h++;hm;inl;inc;ipp;xsd</Extensions>
    </Filter>
    <Filter Include="资源文件">
      <UniqueIdentifier>{67DA6AB6-F800-4c08-8B7A-83BB121AAD01}</UniqueIdentifier>
      <Extensions>rc;ico;cur;bmp;dlg;rc2;rct;bin;rgs;gif;jpg;jpeg;jpe;resx;tiff;tif;png;wav;mfcribbon-ms</Extensions>
    </Filter>
    <Filter Include="test_moudle">
      <UniqueIdentifier>{e5bc8854-8c80-4649-b567-74c262e83c5c}</UniqueIdentifier>
    </Filter>
    <Filter Include="问题&amp;思考&amp;">
      <UniqueIdentifier>{ddc48572-7105-4e5a-80bc-91c08eda3c4a}</UniqueIdentifier>
    </Filter>
  </ItemGroup>
  <ItemGroup>
    <ClInclude Include="include\core\MediaTypes.h">
      <Filter>头文件</Filter>
    </ClInclude>
    <ClInclude Include="include\core\PacketWrapper.h">
      <Filter>头文件</Filter>
    </ClInclude>
    <ClInclude Include="include\core\IFrame.h">
      <Filter>头文件</Filter>
    </ClInclude>
    <ClInclude Include="include\core\Context.h">
      <Filter>头文件</Filter>
    </ClInclude>
    <ClInclude Include="include\core\Clock.h">
      <Filter>头文件</Filter>
    </ClInclude>
    <ClInclude Include="include\core\Interfaces.h">
      <Filter>头文件</Filter>
    </ClInclude>
    <ClInclude Include="include\core\ErrorPolicy.h">
      <Filter>头文件</Filter>
    </ClInclude>
    <ClInclude Include="include\config\Config.h">
      <Filter>头文件</Filter>
    </ClInclude>
    <ClInclude Include="include\infra\FfmpegContextManager.h">
      <Filter>头文件</Filter>
    </ClInclude>
    <ClInclude Include="include\infra\Logger.h">
      <Filter>头文件</Filter>
    </ClInclude>
    <ClInclude Include="include\concurrency\ConcurrentQueue.h">
      <Filter>头文件</Filter>
    </ClInclude>
    <ClInclude Include="include\pipeline\PipelineOrchestrator.h">
      <Filter>头文件</Filter>
    </ClInclude>
    <ClInclude Include="include\pipeline\Nodes.h">
      <Filter>头文件</Filter>
    </ClInclude>
    <ClInclude Include="include\pipeline\PipelineNodeBase.h">
      <Filter>头文件</Filter>
    </ClInclude>
    <ClInclude Include="include\factory\ComponentFactory.h">
      <Filter>头文件</Filter>
    </ClInclude>
    <ClInclude Include="include\adapters\capture\DshowAudioCapture.h">
      <Filter>头文件</Filter>
    </ClInclude>
    <ClInclude Include="include\adapters\capture\DxgiScreenCapture.h">
      <Filter>头文件</Filter>
    </ClInclude>
    <ClInclude Include="include\adapters\output\RtmpMuxerStreamer.h">
      <Filter>头文件</Filter>
    </ClInclude>
    <ClInclude Include="include\adapters\codec\FfmpegEncoder.h">
      <Filter>头文件</Filter>
    </ClInclude>
    <ClInclude Include="include\core\FrameWrapper.h">
      <Filter>头文件</Filter>
    </ClInclude>
    <ClInclude Include="include\factory\singleton.h">
      <Filter>头文件</Filter>
    </ClInclude>
    <ClInclude Include="include\adapters\capture\Hwdevice_d3d11.h">
      <Filter>头文件</Filter>
    </ClInclude>
    <ClInclude Include="include\adapters\output\FfmpegMuxerStreamer.h">
      <Filter>头文件</Filter>
    </ClInclude>
    <ClInclude Include="include\adapters\codec\FfmpegDecoder.h">
      <Filter>头文件</Filter>
    </ClInclude>
    <ClInclude Include="include\event\ThreadEventSDL.h">
      <Filter>头文件</Filter>
    </ClInclude>
    <ClInclude Include="include\libav_h.h">
      <Filter>头文件</Filter>
    </ClInclude>
  </ItemGroup>
  <ItemGroup>
    <Text Include="CMakeLists.txt" />
  </ItemGroup>
  <ItemGroup>
    <ClCompile Include="src\core\PacketWrapper.cpp">
      <Filter>源文件</Filter>
    </ClCompile>
    <ClCompile Include="src\core\Clock.cpp">
      <Filter>源文件</Filter>
    </ClCompile>
    <ClCompile Include="src\core\ErrorPolicy.cpp">
      <Filter>源文件</Filter>
    </ClCompile>
    <ClCompile Include="src\config\Config.cpp">
      <Filter>源文件</Filter>
    </ClCompile>
    <ClCompile Include="src\infra\FfmpegContextManager.cpp">
      <Filter>源文件</Filter>
    </ClCompile>
    <ClCompile Include="src\infra\Logger.cpp">
      <Filter>源文件</Filter>
    </ClCompile>
    <ClCompile Include="src\pipeline\PipelineOrchestrator.cpp">
      <Filter>源文件</Filter>
    </ClCompile>
    <ClCompile Include="src\pipeline\Nodes.cpp">
      <Filter>源文件</Filter>
    </ClCompile>
    <ClCompile Include="src\pipeline\PipelineNodeBase.cpp">
      <Filter>源文件</Filter>
    </ClCompile>
    <ClCompile Include="src\adapters\capture\DshowAudioCapture.cpp">
      <Filter>源文件</Filter>
    </ClCompile>
    <ClCompile Include="src\adapters\capture\DxgiScreenCapture.cpp">
      <Filter>源文件</Filter>
    </ClCompile>
    <ClCompile Include="src\factory\ComponentFactory.cpp">
      <Filter>源文件</Filter>
    </ClCompile>
    <ClCompile Include="src\adapters\codec\FfmpegEncoder.cpp">
      <Filter>源文件</Filter>
    </ClCompile>
    <ClCompile Include="src\adapters\output\RtmpMuxerStreamer.cpp">
      <Filter>源文件</Filter>
    </ClCompile>
    <ClCompile Include="src\main.cpp">
      <Filter>源文件</Filter>
    </ClCompile>
    <ClCompile Include="test_ffmpeg_SDL2.cpp">
      <Filter>test_moudle</Filter>
    </ClCompile>
    <ClCompile Include="test_logger.cpp">
      <Filter>test_moudle</Filter>
    </ClCompile>
    <ClCompile Include="src\FrameWrapper.cpp">
      <Filter>源文件</Filter>
    </ClCompile>
    <ClCompile Include="test_IFrame_Packet.cpp">
      <Filter>test_moudle</Filter>
    </ClCompile>
    <ClCompile Include="src\core\MediaTypes.cpp">
      <Filter>源文件</Filter>
    </ClCompile>
    <ClCompile Include="test_Clock.cpp">
      <Filter>test_moudle</Filter>
    </ClCompile>
    <ClCompile Include="test_concurrentQueue.cpp">
      <Filter>test_moudle</Filter>
    </ClCompile>
    <ClCompile Include="include\adapters\capture\Hwdevice_d3d11.cpp">
      <Filter>源文件</Filter>
    </ClCompile>
    <ClCompile Include="test_VideoFfmpegEncoder.cpp">
      <Filter>test_moudle</Filter>
    </ClCompile>
    <ClCompile Include="一些问题描述、解答and设计思考.cpp">
      <Filter>问题&amp;思考&amp;</Filter>
    </ClCompile>
    <ClCompile Include="关于传递类的非静态方法到另一个函数中.cpp">
      <Filter>问题&amp;思考&amp;</Filter>
    </ClCompile>
    <ClCompile Include="test_DXGI.cpp">
      <Filter>test_moudle</Filter>
    </ClCompile>
    <ClCompile Include="test_find_device_name_with_ffmpeg.cpp">
      <Filter>test_moudle</Filter>
    </ClCompile>
    <ClCompile Include="src\adapters\codec\FfmpegDecoder.cpp">
      <Filter>源文件</Filter>
    </ClCompile>
    <ClCompile Include="src\event\ThreadEventSDL.cpp">
      <Filter>源文件</Filter>
    </ClCompile>
    <ClCompile Include="src\concurrency\ConcurrentQueue.cpp">
      <Filter>源文件</Filter>
    </ClCompile>
    <ClCompile Include="test_ThreadEventSDL_AudioQueue.cpp">
      <Filter>test_moudle</Filter>
    </ClCompile>
    <ClCompile Include="关于输出格式上下文video_audio流的时间基何时被自动赋值.cpp">
      <Filter>问题&amp;思考&amp;</Filter>
    </ClCompile>
    <ClCompile Include="test_DshowAudioCapture.cpp">
      <Filter>test_moudle</Filter>
    </ClCompile>
    <ClCompile Include="test_Muxer_Streamer.cpp">
      <Filter>test_moudle</Filter>
    </ClCompile>
    <ClCompile Include="src\adapters\output\FfmpegMuxerStreamer.cpp">
      <Filter>源文件</Filter>
    </ClCompile>
  </ItemGroup>
</Project>